
Microsoft Visual Studio Solution File, Format Version 12.00
# Visual Studio Version 16
VisualStudioVersion = 16.0.31911.196
MinimumVisualStudioVersion = 10.0.40219.1
Project("{9A19103F-16F7-4668-BE54-9A1E7A4F7556}") = "CopyPasteServer", "CopyPasteServer\CopyPasteServer.csproj", "{BCCDB792-F0FE-4483-A851-CBA6060B485F}"
EndProject
Project("{9A19103F-16F7-4668-BE54-9A1E7A4F7556}") = "CopyPasteDAL", "CopyPasteDAL\CopyPasteDAL.csproj", "{83D4C7BD-7BC6-4484-8F0D-9F8DE06DBCBE}"
EndProject
Project("{FAE04EC0-301F-11D3-BF4B-00C04F79EFBC}") = "CopyPasteBLL", "CopyPasteBLL\CopyPasteBLL.csproj", "{C7AE7980-95ED-4D0C-B4F7-AE8708134E1D}"
EndProject
Global
	GlobalSection(SolutionConfigurationPlatforms) = preSolution
		Debug|Any CPU = Debug|Any CPU
		Release|Any CPU = Release|Any CPU
	EndGlobalSection
	GlobalSection(ProjectConfigurationPlatforms) = postSolution
		{BCCDB792-F0FE-4483-A851-CBA6060B485F}.Debug|Any CPU.ActiveCfg = Debug|Any CPU
		{BCCDB792-F0FE-4483-A851-CBA6060B485F}.Debug|Any CPU.Build.0 = Debug|Any CPU
		{BCCDB792-F0FE-4483-A851-CBA6060B485F}.Release|Any CPU.ActiveCfg = Release|Any CPU
		{BCCDB792-F0FE-4483-A851-CBA6060B485F}.Release|Any CPU.Build.0 = Release|Any CPU
		{83D4C7BD-7BC6-4484-8F0D-9F8DE06DBCBE}.Debug|Any CPU.ActiveCfg = Debug|Any CPU
		{83D4C7BD-7BC6-4484-8F0D-9F8DE06DBCBE}.Debug|Any CPU.Build.0 = Debug|Any CPU
		{83D4C7BD-7BC6-4484-8F0D-9F8DE06DBCBE}.Release|Any CPU.ActiveCfg = Release|Any CPU
		{83D4C7BD-7BC6-4484-8F0D-9F8DE06DBCBE}.Release|Any CPU.Build.0 = Release|Any CPU
		{C7AE7980-95ED-4D0C-B4F7-AE8708134E1D}.Debug|Any CPU.ActiveCfg = Debug|Any CPU
		{C7AE7980-95ED-4D0C-B4F7-AE8708134E1D}.Debug|Any CPU.Build.0 = Debug|Any CPU
		{C7AE7980-95ED-4D0C-B4F7-AE8708134E1D}.Release|Any CPU.ActiveCfg = Release|Any CPU
		{C7AE7980-95ED-4D0C-B4F7-AE8708134E1D}.Release|Any CPU.Build.0 = Release|Any CPU
	EndGlobalSection
	GlobalSection(SolutionProperties) = preSolution
		HideSolutionNode = FALSE
	EndGlobalSection
	GlobalSection(ExtensibilityGlobals) = postSolution
		SolutionGuid = {2234928B-AA5C-4391-B1B7-EA9F734B8A4F}
	EndGlobalSection
EndGlobal
